// !$*UTF8*$!
{
	archiveVersion = 1;
	classes = {
	};
	objectVersion = 46;
	objects = {

/* Begin PBXBuildFile section */
		843142F5197AF784006BA074 /* MapViewController.m in Sources */ = {isa = PBXBuildFile; fileRef = 843142F4197AF784006BA074 /* MapViewController.m */; };
		843142F7197AF9A3006BA074 /* MapKit.framework in Frameworks */ = {isa = PBXBuildFile; fileRef = 843142F6197AF9A3006BA074 /* MapKit.framework */; };
		843A76FA1978670F006988E1 /* Foundation.framework in Frameworks */ = {isa = PBXBuildFile; fileRef = 843A76F91978670F006988E1 /* Foundation.framework */; };
		843A76FC1978670F006988E1 /* CoreGraphics.framework in Frameworks */ = {isa = PBXBuildFile; fileRef = 843A76FB1978670F006988E1 /* CoreGraphics.framework */; };
		843A76FE1978670F006988E1 /* UIKit.framework in Frameworks */ = {isa = PBXBuildFile; fileRef = 843A76FD1978670F006988E1 /* UIKit.framework */; };
		843A77041978670F006988E1 /* InfoPlist.strings in Resources */ = {isa = PBXBuildFile; fileRef = 843A77021978670F006988E1 /* InfoPlist.strings */; };
		843A77061978670F006988E1 /* main.m in Sources */ = {isa = PBXBuildFile; fileRef = 843A77051978670F006988E1 /* main.m */; };
		843A770A1978670F006988E1 /* AppDelegate.m in Sources */ = {isa = PBXBuildFile; fileRef = 843A77091978670F006988E1 /* AppDelegate.m */; };
		843A770D1978670F006988E1 /* Main_iPhone.storyboard in Resources */ = {isa = PBXBuildFile; fileRef = 843A770B1978670F006988E1 /* Main_iPhone.storyboard */; };
		843A77101978670F006988E1 /* Main_iPad.storyboard in Resources */ = {isa = PBXBuildFile; fileRef = 843A770E1978670F006988E1 /* Main_iPad.storyboard */; };
		843A77131978670F006988E1 /* FirstViewController.m in Sources */ = {isa = PBXBuildFile; fileRef = 843A77121978670F006988E1 /* FirstViewController.m */; };
		843A77161978670F006988E1 /* SecondViewController.m in Sources */ = {isa = PBXBuildFile; fileRef = 843A77151978670F006988E1 /* SecondViewController.m */; };
		843A77181978670F006988E1 /* Images.xcassets in Resources */ = {isa = PBXBuildFile; fileRef = 843A77171978670F006988E1 /* Images.xcassets */; };
		843A771F1978670F006988E1 /* XCTest.framework in Frameworks */ = {isa = PBXBuildFile; fileRef = 843A771E1978670F006988E1 /* XCTest.framework */; };
		843A77201978670F006988E1 /* Foundation.framework in Frameworks */ = {isa = PBXBuildFile; fileRef = 843A76F91978670F006988E1 /* Foundation.framework */; };
		843A77211978670F006988E1 /* UIKit.framework in Frameworks */ = {isa = PBXBuildFile; fileRef = 843A76FD1978670F006988E1 /* UIKit.framework */; };
		843A77291978670F006988E1 /* InfoPlist.strings in Resources */ = {isa = PBXBuildFile; fileRef = 843A77271978670F006988E1 /* InfoPlist.strings */; };
		843A772B1978670F006988E1 /* HurstTests.m in Sources */ = {isa = PBXBuildFile; fileRef = 843A772A1978670F006988E1 /* HurstTests.m */; };
		845B1977199601DC0050AA62 /* NetworkCheckHelper.m in Sources */ = {isa = PBXBuildFile; fileRef = 845B1976199601DC0050AA62 /* NetworkCheckHelper.m */; };
		845B197A199602AE0050AA62 /* Reachability.m in Sources */ = {isa = PBXBuildFile; fileRef = 845B1979199602AE0050AA62 /* Reachability.m */; };
		849DFEFC19826D00005287B5 /* ContactViewController.m in Sources */ = {isa = PBXBuildFile; fileRef = 849DFEFB19826D00005287B5 /* ContactViewController.m */; };
		84A41F82198321CC00A8EB7E /* Parse.framework in Frameworks */ = {isa = PBXBuildFile; fileRef = 84A41F81198321CC00A8EB7E /* Parse.framework */; };
		84A41F841983221C00A8EB7E /* AudioToolbox.framework in Frameworks */ = {isa = PBXBuildFile; fileRef = 84A41F831983221C00A8EB7E /* AudioToolbox.framework */; };
		84A41F861983222600A8EB7E /* CFNetwork.framework in Frameworks */ = {isa = PBXBuildFile; fileRef = 84A41F851983222600A8EB7E /* CFNetwork.framework */; };
		84A41F881983223600A8EB7E /* CoreLocation.framework in Frameworks */ = {isa = PBXBuildFile; fileRef = 84A41F871983223600A8EB7E /* CoreLocation.framework */; };
		84A41F8A1983224500A8EB7E /* libz.dylib in Frameworks */ = {isa = PBXBuildFile; fileRef = 84A41F891983224500A8EB7E /* libz.dylib */; };
		84A41F8C1983225000A8EB7E /* MobileCoreServices.framework in Frameworks */ = {isa = PBXBuildFile; fileRef = 84A41F8B1983225000A8EB7E /* MobileCoreServices.framework */; };
		84A41F8E1983225A00A8EB7E /* QuartzCore.framework in Frameworks */ = {isa = PBXBuildFile; fileRef = 84A41F8D1983225A00A8EB7E /* QuartzCore.framework */; };
		84A41F901983226100A8EB7E /* Security.framework in Frameworks */ = {isa = PBXBuildFile; fileRef = 84A41F8F1983226100A8EB7E /* Security.framework */; };
		84A41F921983226A00A8EB7E /* StoreKit.framework in Frameworks */ = {isa = PBXBuildFile; fileRef = 84A41F911983226A00A8EB7E /* StoreKit.framework */; };
		84A41F941983227600A8EB7E /* SystemConfiguration.framework in Frameworks */ = {isa = PBXBuildFile; fileRef = 84A41F931983227600A8EB7E /* SystemConfiguration.framework */; };
		84BEECBF19789FBE004DB5ED /* home.png in Resources */ = {isa = PBXBuildFile; fileRef = 84BEECBD19789FBE004DB5ED /* home.png */; };
		84BEECC019789FBE004DB5ED /* home@2x.png in Resources */ = {isa = PBXBuildFile; fileRef = 84BEECBE19789FBE004DB5ED /* home@2x.png */; };
		84BEECC31978A055004DB5ED /* inventory.png in Resources */ = {isa = PBXBuildFile; fileRef = 84BEECC11978A055004DB5ED /* inventory.png */; };
		84BEECC41978A055004DB5ED /* inventory@2x.png in Resources */ = {isa = PBXBuildFile; fileRef = 84BEECC21978A055004DB5ED /* inventory@2x.png */; };
		84BEECC91978A2C6004DB5ED /* locations.png in Resources */ = {isa = PBXBuildFile; fileRef = 84BEECC51978A2C6004DB5ED /* locations.png */; };
		84BEECCA1978A2C6004DB5ED /* locations@2x.png in Resources */ = {isa = PBXBuildFile; fileRef = 84BEECC61978A2C6004DB5ED /* locations@2x.png */; };
		84BEECCB1978A2C6004DB5ED /* news.png in Resources */ = {isa = PBXBuildFile; fileRef = 84BEECC71978A2C6004DB5ED /* news.png */; };
		84BEECCC1978A2C6004DB5ED /* news@2x.png in Resources */ = {isa = PBXBuildFile; fileRef = 84BEECC81978A2C6004DB5ED /* news@2x.png */; };
		84BEECCF1978A2CD004DB5ED /* contact.png in Resources */ = {isa = PBXBuildFile; fileRef = 84BEECCD1978A2CD004DB5ED /* contact.png */; };
		84BEECD01978A2CD004DB5ED /* contact@2x.png in Resources */ = {isa = PBXBuildFile; fileRef = 84BEECCE1978A2CD004DB5ED /* contact@2x.png */; };
		84D270C9199C3C9000B54C61 /* hurst_offline.jpg in Resources */ = {isa = PBXBuildFile; fileRef = 84D270C8199C3C9000B54C61 /* hurst_offline.jpg */; };
		84D477CB198351570076F19F /* NewsViewController.m in Sources */ = {isa = PBXBuildFile; fileRef = 84D477CA198351570076F19F /* NewsViewController.m */; };
		84D477CE19835B8B0076F19F /* ParseTableViewController.m in Sources */ = {isa = PBXBuildFile; fileRef = 84D477CD19835B8B0076F19F /* ParseTableViewController.m */; };
		84D477D119835F940076F19F /* ParseDetailViewController.m in Sources */ = {isa = PBXBuildFile; fileRef = 84D477D019835F940076F19F /* ParseDetailViewController.m */; };
		84DF2D4819930BEB00D0ABBD /* Icon-40.png in Resources */ = {isa = PBXBuildFile; fileRef = 84DF2D4019930BEB00D0ABBD /* Icon-40.png */; };
		84DF2D4919930BEB00D0ABBD /* Icon-40@2x.png in Resources */ = {isa = PBXBuildFile; fileRef = 84DF2D4119930BEB00D0ABBD /* Icon-40@2x.png */; };
		84DF2D4A19930BEB00D0ABBD /* Icon-60.png in Resources */ = {isa = PBXBuildFile; fileRef = 84DF2D4219930BEB00D0ABBD /* Icon-60.png */; };
		84DF2D4B19930BEB00D0ABBD /* Icon-60@2x.png in Resources */ = {isa = PBXBuildFile; fileRef = 84DF2D4319930BEB00D0ABBD /* Icon-60@2x.png */; };
		84DF2D4C19930BEB00D0ABBD /* Icon-76.png in Resources */ = {isa = PBXBuildFile; fileRef = 84DF2D4419930BEB00D0ABBD /* Icon-76.png */; };
		84DF2D4D19930BEB00D0ABBD /* Icon-76@2x.png in Resources */ = {isa = PBXBuildFile; fileRef = 84DF2D4519930BEB00D0ABBD /* Icon-76@2x.png */; };
		84DF2D4E19930BEB00D0ABBD /* Icon-Small.png in Resources */ = {isa = PBXBuildFile; fileRef = 84DF2D4619930BEB00D0ABBD /* Icon-Small.png */; };
		84DF2D4F19930BEB00D0ABBD /* Icon-Small@2x.png in Resources */ = {isa = PBXBuildFile; fileRef = 84DF2D4719930BEB00D0ABBD /* Icon-Small@2x.png */; };
/* End PBXBuildFile section */

/* Begin PBXContainerItemProxy section */
		843A77221978670F006988E1 /* PBXContainerItemProxy */ = {
			isa = PBXContainerItemProxy;
			containerPortal = 843A76EE1978670F006988E1 /* Project object */;
			proxyType = 1;
			remoteGlobalIDString = 843A76F51978670F006988E1;
			remoteInfo = Hurst;
		};
/* End PBXContainerItemProxy section */

/* Begin PBXFileReference section */
		843142F3197AF784006BA074 /* MapViewController.h */ = {isa = PBXFileReference; fileEncoding = 4; lastKnownFileType = sourcecode.c.h; path = MapViewController.h; sourceTree = "<group>"; };
		843142F4197AF784006BA074 /* MapViewController.m */ = {isa = PBXFileReference; fileEncoding = 4; lastKnownFileType = sourcecode.c.objc; path = MapViewController.m; sourceTree = "<group>"; };
		843142F6197AF9A3006BA074 /* MapKit.framework */ = {isa = PBXFileReference; lastKnownFileType = wrapper.framework; name = MapKit.framework; path = System/Library/Frameworks/MapKit.framework; sourceTree = SDKROOT; };
		843A76F61978670F006988E1 /* Hurst.app */ = {isa = PBXFileReference; explicitFileType = wrapper.application; includeInIndex = 0; path = Hurst.app; sourceTree = BUILT_PRODUCTS_DIR; };
		843A76F91978670F006988E1 /* Foundation.framework */ = {isa = PBXFileReference; lastKnownFileType = wrapper.framework; name = Foundation.framework; path = System/Library/Frameworks/Foundation.framework; sourceTree = SDKROOT; };
		843A76FB1978670F006988E1 /* CoreGraphics.framework */ = {isa = PBXFileReference; lastKnownFileType = wrapper.framework; name = CoreGraphics.framework; path = System/Library/Frameworks/CoreGraphics.framework; sourceTree = SDKROOT; };
		843A76FD1978670F006988E1 /* UIKit.framework */ = {isa = PBXFileReference; lastKnownFileType = wrapper.framework; name = UIKit.framework; path = System/Library/Frameworks/UIKit.framework; sourceTree = SDKROOT; };
		843A77011978670F006988E1 /* Hurst-Info.plist */ = {isa = PBXFileReference; lastKnownFileType = text.plist.xml; path = "Hurst-Info.plist"; sourceTree = "<group>"; };
		843A77031978670F006988E1 /* en */ = {isa = PBXFileReference; lastKnownFileType = text.plist.strings; name = en; path = en.lproj/InfoPlist.strings; sourceTree = "<group>"; };
		843A77051978670F006988E1 /* main.m */ = {isa = PBXFileReference; lastKnownFileType = sourcecode.c.objc; path = main.m; sourceTree = "<group>"; };
		843A77071978670F006988E1 /* Hurst-Prefix.pch */ = {isa = PBXFileReference; lastKnownFileType = sourcecode.c.h; path = "Hurst-Prefix.pch"; sourceTree = "<group>"; };
		843A77081978670F006988E1 /* AppDelegate.h */ = {isa = PBXFileReference; lastKnownFileType = sourcecode.c.h; path = AppDelegate.h; sourceTree = "<group>"; };
		843A77091978670F006988E1 /* AppDelegate.m */ = {isa = PBXFileReference; lastKnownFileType = sourcecode.c.objc; path = AppDelegate.m; sourceTree = "<group>"; };
		843A770C1978670F006988E1 /* Base */ = {isa = PBXFileReference; lastKnownFileType = file.storyboard; name = Base; path = Base.lproj/Main_iPhone.storyboard; sourceTree = "<group>"; };
		843A770F1978670F006988E1 /* Base */ = {isa = PBXFileReference; lastKnownFileType = file.storyboard; name = Base; path = Base.lproj/Main_iPad.storyboard; sourceTree = "<group>"; };
		843A77111978670F006988E1 /* FirstViewController.h */ = {isa = PBXFileReference; lastKnownFileType = sourcecode.c.h; path = FirstViewController.h; sourceTree = "<group>"; };
		843A77121978670F006988E1 /* FirstViewController.m */ = {isa = PBXFileReference; lastKnownFileType = sourcecode.c.objc; path = FirstViewController.m; sourceTree = "<group>"; };
		843A77141978670F006988E1 /* SecondViewController.h */ = {isa = PBXFileReference; lastKnownFileType = sourcecode.c.h; path = SecondViewController.h; sourceTree = "<group>"; };
		843A77151978670F006988E1 /* SecondViewController.m */ = {isa = PBXFileReference; lastKnownFileType = sourcecode.c.objc; path = SecondViewController.m; sourceTree = "<group>"; };
		843A77171978670F006988E1 /* Images.xcassets */ = {isa = PBXFileReference; lastKnownFileType = folder.assetcatalog; path = Images.xcassets; sourceTree = "<group>"; };
		843A771D1978670F006988E1 /* HurstTests.xctest */ = {isa = PBXFileReference; explicitFileType = wrapper.cfbundle; includeInIndex = 0; path = HurstTests.xctest; sourceTree = BUILT_PRODUCTS_DIR; };
		843A771E1978670F006988E1 /* XCTest.framework */ = {isa = PBXFileReference; lastKnownFileType = wrapper.framework; name = XCTest.framework; path = Library/Frameworks/XCTest.framework; sourceTree = DEVELOPER_DIR; };
		843A77261978670F006988E1 /* HurstTests-Info.plist */ = {isa = PBXFileReference; lastKnownFileType = text.plist.xml; path = "HurstTests-Info.plist"; sourceTree = "<group>"; };
		843A77281978670F006988E1 /* en */ = {isa = PBXFileReference; lastKnownFileType = text.plist.strings; name = en; path = en.lproj/InfoPlist.strings; sourceTree = "<group>"; };
		843A772A1978670F006988E1 /* HurstTests.m */ = {isa = PBXFileReference; lastKnownFileType = sourcecode.c.objc; path = HurstTests.m; sourceTree = "<group>"; };
		845B1975199601DC0050AA62 /* NetworkCheckHelper.h */ = {isa = PBXFileReference; fileEncoding = 4; lastKnownFileType = sourcecode.c.h; path = NetworkCheckHelper.h; sourceTree = "<group>"; };
		845B1976199601DC0050AA62 /* NetworkCheckHelper.m */ = {isa = PBXFileReference; fileEncoding = 4; lastKnownFileType = sourcecode.c.objc; path = NetworkCheckHelper.m; sourceTree = "<group>"; };
		845B1978199602AE0050AA62 /* Reachability.h */ = {isa = PBXFileReference; fileEncoding = 4; lastKnownFileType = sourcecode.c.h; path = Reachability.h; sourceTree = "<group>"; };
		845B1979199602AE0050AA62 /* Reachability.m */ = {isa = PBXFileReference; fileEncoding = 4; lastKnownFileType = sourcecode.c.objc; path = Reachability.m; sourceTree = "<group>"; };
		849DFEFA19826D00005287B5 /* ContactViewController.h */ = {isa = PBXFileReference; fileEncoding = 4; lastKnownFileType = sourcecode.c.h; path = ContactViewController.h; sourceTree = "<group>"; };
		849DFEFB19826D00005287B5 /* ContactViewController.m */ = {isa = PBXFileReference; fileEncoding = 4; lastKnownFileType = sourcecode.c.objc; path = ContactViewController.m; sourceTree = "<group>"; };
		84A41F81198321CC00A8EB7E /* Parse.framework */ = {isa = PBXFileReference; lastKnownFileType = wrapper.framework; path = Parse.framework; sourceTree = "<group>"; };
		84A41F831983221C00A8EB7E /* AudioToolbox.framework */ = {isa = PBXFileReference; lastKnownFileType = wrapper.framework; name = AudioToolbox.framework; path = System/Library/Frameworks/AudioToolbox.framework; sourceTree = SDKROOT; };
		84A41F851983222600A8EB7E /* CFNetwork.framework */ = {isa = PBXFileReference; lastKnownFileType = wrapper.framework; name = CFNetwork.framework; path = System/Library/Frameworks/CFNetwork.framework; sourceTree = SDKROOT; };
		84A41F871983223600A8EB7E /* CoreLocation.framework */ = {isa = PBXFileReference; lastKnownFileType = wrapper.framework; name = CoreLocation.framework; path = System/Library/Frameworks/CoreLocation.framework; sourceTree = SDKROOT; };
		84A41F891983224500A8EB7E /* libz.dylib */ = {isa = PBXFileReference; lastKnownFileType = "compiled.mach-o.dylib"; name = libz.dylib; path = usr/lib/libz.dylib; sourceTree = SDKROOT; };
		84A41F8B1983225000A8EB7E /* MobileCoreServices.framework */ = {isa = PBXFileReference; lastKnownFileType = wrapper.framework; name = MobileCoreServices.framework; path = System/Library/Frameworks/MobileCoreServices.framework; sourceTree = SDKROOT; };
		84A41F8D1983225A00A8EB7E /* QuartzCore.framework */ = {isa = PBXFileReference; lastKnownFileType = wrapper.framework; name = QuartzCore.framework; path = System/Library/Frameworks/QuartzCore.framework; sourceTree = SDKROOT; };
		84A41F8F1983226100A8EB7E /* Security.framework */ = {isa = PBXFileReference; lastKnownFileType = wrapper.framework; name = Security.framework; path = System/Library/Frameworks/Security.framework; sourceTree = SDKROOT; };
		84A41F911983226A00A8EB7E /* StoreKit.framework */ = {isa = PBXFileReference; lastKnownFileType = wrapper.framework; name = StoreKit.framework; path = System/Library/Frameworks/StoreKit.framework; sourceTree = SDKROOT; };
		84A41F931983227600A8EB7E /* SystemConfiguration.framework */ = {isa = PBXFileReference; lastKnownFileType = wrapper.framework; name = SystemConfiguration.framework; path = System/Library/Frameworks/SystemConfiguration.framework; sourceTree = SDKROOT; };
		84BEECBD19789FBE004DB5ED /* home.png */ = {isa = PBXFileReference; lastKnownFileType = image.png; path = home.png; sourceTree = "<group>"; };
		84BEECBE19789FBE004DB5ED /* home@2x.png */ = {isa = PBXFileReference; lastKnownFileType = image.png; path = "home@2x.png"; sourceTree = "<group>"; };
		84BEECC11978A055004DB5ED /* inventory.png */ = {isa = PBXFileReference; lastKnownFileType = image.png; path = inventory.png; sourceTree = "<group>"; };
		84BEECC21978A055004DB5ED /* inventory@2x.png */ = {isa = PBXFileReference; lastKnownFileType = image.png; path = "inventory@2x.png"; sourceTree = "<group>"; };
		84BEECC51978A2C6004DB5ED /* locations.png */ = {isa = PBXFileReference; lastKnownFileType = image.png; path = locations.png; sourceTree = "<group>"; };
		84BEECC61978A2C6004DB5ED /* locations@2x.png */ = {isa = PBXFileReference; lastKnownFileType = image.png; path = "locations@2x.png"; sourceTree = "<group>"; };
		84BEECC71978A2C6004DB5ED /* news.png */ = {isa = PBXFileReference; lastKnownFileType = image.png; path = news.png; sourceTree = "<group>"; };
		84BEECC81978A2C6004DB5ED /* news@2x.png */ = {isa = PBXFileReference; lastKnownFileType = image.png; path = "news@2x.png"; sourceTree = "<group>"; };
		84BEECCD1978A2CD004DB5ED /* contact.png */ = {isa = PBXFileReference; lastKnownFileType = image.png; path = contact.png; sourceTree = "<group>"; };
		84BEECCE1978A2CD004DB5ED /* contact@2x.png */ = {isa = PBXFileReference; lastKnownFileType = image.png; path = "contact@2x.png"; sourceTree = "<group>"; };
		84D270C8199C3C9000B54C61 /* hurst_offline.jpg */ = {isa = PBXFileReference; lastKnownFileType = image.jpeg; path = hurst_offline.jpg; sourceTree = "<group>"; };
		84D477C9198351570076F19F /* NewsViewController.h */ = {isa = PBXFileReference; fileEncoding = 4; lastKnownFileType = sourcecode.c.h; path = NewsViewController.h; sourceTree = "<group>"; };
		84D477CA198351570076F19F /* NewsViewController.m */ = {isa = PBXFileReference; fileEncoding = 4; lastKnownFileType = sourcecode.c.objc; path = NewsViewController.m; sourceTree = "<group>"; };
		84D477CC19835B8B0076F19F /* ParseTableViewController.h */ = {isa = PBXFileReference; fileEncoding = 4; lastKnownFileType = sourcecode.c.h; path = ParseTableViewController.h; sourceTree = "<group>"; };
		84D477CD19835B8B0076F19F /* ParseTableViewController.m */ = {isa = PBXFileReference; fileEncoding = 4; lastKnownFileType = sourcecode.c.objc; path = ParseTableViewController.m; sourceTree = "<group>"; };
		84D477CF19835F940076F19F /* ParseDetailViewController.h */ = {isa = PBXFileReference; fileEncoding = 4; lastKnownFileType = sourcecode.c.h; path = ParseDetailViewController.h; sourceTree = "<group>"; };
		84D477D019835F940076F19F /* ParseDetailViewController.m */ = {isa = PBXFileReference; fileEncoding = 4; lastKnownFileType = sourcecode.c.objc; path = ParseDetailViewController.m; sourceTree = "<group>"; };
		84DF2D4019930BEB00D0ABBD /* Icon-40.png */ = {isa = PBXFileReference; lastKnownFileType = image.png; path = "Icon-40.png"; sourceTree = "<group>"; };
		84DF2D4119930BEB00D0ABBD /* Icon-40@2x.png */ = {isa = PBXFileReference; lastKnownFileType = image.png; path = "Icon-40@2x.png"; sourceTree = "<group>"; };
		84DF2D4219930BEB00D0ABBD /* Icon-60.png */ = {isa = PBXFileReference; lastKnownFileType = image.png; path = "Icon-60.png"; sourceTree = "<group>"; };
		84DF2D4319930BEB00D0ABBD /* Icon-60@2x.png */ = {isa = PBXFileReference; lastKnownFileType = image.png; path = "Icon-60@2x.png"; sourceTree = "<group>"; };
		84DF2D4419930BEB00D0ABBD /* Icon-76.png */ = {isa = PBXFileReference; lastKnownFileType = image.png; path = "Icon-76.png"; sourceTree = "<group>"; };
		84DF2D4519930BEB00D0ABBD /* Icon-76@2x.png */ = {isa = PBXFileReference; lastKnownFileType = image.png; path = "Icon-76@2x.png"; sourceTree = "<group>"; };
		84DF2D4619930BEB00D0ABBD /* Icon-Small.png */ = {isa = PBXFileReference; lastKnownFileType = image.png; path = "Icon-Small.png"; sourceTree = "<group>"; };
		84DF2D4719930BEB00D0ABBD /* Icon-Small@2x.png */ = {isa = PBXFileReference; lastKnownFileType = image.png; path = "Icon-Small@2x.png"; sourceTree = "<group>"; };
/* End PBXFileReference section */

/* Begin PBXFrameworksBuildPhase section */
		843A76F31978670F006988E1 /* Frameworks */ = {
			isa = PBXFrameworksBuildPhase;
			buildActionMask = 2147483647;
			files = (
				84A41F941983227600A8EB7E /* SystemConfiguration.framework in Frameworks */,
				84A41F921983226A00A8EB7E /* StoreKit.framework in Frameworks */,
				84A41F901983226100A8EB7E /* Security.framework in Frameworks */,
				84A41F8E1983225A00A8EB7E /* QuartzCore.framework in Frameworks */,
				84A41F8C1983225000A8EB7E /* MobileCoreServices.framework in Frameworks */,
				84A41F8A1983224500A8EB7E /* libz.dylib in Frameworks */,
				84A41F881983223600A8EB7E /* CoreLocation.framework in Frameworks */,
				843A76FC1978670F006988E1 /* CoreGraphics.framework in Frameworks */,
				84A41F861983222600A8EB7E /* CFNetwork.framework in Frameworks */,
				84A41F841983221C00A8EB7E /* AudioToolbox.framework in Frameworks */,
				843142F7197AF9A3006BA074 /* MapKit.framework in Frameworks */,
				843A76FE1978670F006988E1 /* UIKit.framework in Frameworks */,
				843A76FA1978670F006988E1 /* Foundation.framework in Frameworks */,
				84A41F82198321CC00A8EB7E /* Parse.framework in Frameworks */,
			);
			runOnlyForDeploymentPostprocessing = 0;
		};
		843A771A1978670F006988E1 /* Frameworks */ = {
			isa = PBXFrameworksBuildPhase;
			buildActionMask = 2147483647;
			files = (
				843A771F1978670F006988E1 /* XCTest.framework in Frameworks */,
				843A77211978670F006988E1 /* UIKit.framework in Frameworks */,
				843A77201978670F006988E1 /* Foundation.framework in Frameworks */,
			);
			runOnlyForDeploymentPostprocessing = 0;
		};
/* End PBXFrameworksBuildPhase section */

/* Begin PBXGroup section */
		843A76ED1978670F006988E1 = {
			isa = PBXGroup;
			children = (
				84A41F81198321CC00A8EB7E /* Parse.framework */,
				843A76FF1978670F006988E1 /* Hurst */,
				843A77241978670F006988E1 /* HurstTests */,
				843A76F81978670F006988E1 /* Frameworks */,
				843A76F71978670F006988E1 /* Products */,
			);
			sourceTree = "<group>";
		};
		843A76F71978670F006988E1 /* Products */ = {
			isa = PBXGroup;
			children = (
				843A76F61978670F006988E1 /* Hurst.app */,
				843A771D1978670F006988E1 /* HurstTests.xctest */,
			);
			name = Products;
			sourceTree = "<group>";
		};
		843A76F81978670F006988E1 /* Frameworks */ = {
			isa = PBXGroup;
			children = (
				84A41F931983227600A8EB7E /* SystemConfiguration.framework */,
				84A41F911983226A00A8EB7E /* StoreKit.framework */,
				84A41F8F1983226100A8EB7E /* Security.framework */,
				84A41F8D1983225A00A8EB7E /* QuartzCore.framework */,
				84A41F8B1983225000A8EB7E /* MobileCoreServices.framework */,
				84A41F891983224500A8EB7E /* libz.dylib */,
				84A41F871983223600A8EB7E /* CoreLocation.framework */,
				84A41F851983222600A8EB7E /* CFNetwork.framework */,
				84A41F831983221C00A8EB7E /* AudioToolbox.framework */,
				843142F6197AF9A3006BA074 /* MapKit.framework */,
				843A76F91978670F006988E1 /* Foundation.framework */,
				843A76FB1978670F006988E1 /* CoreGraphics.framework */,
				843A76FD1978670F006988E1 /* UIKit.framework */,
				843A771E1978670F006988E1 /* XCTest.framework */,
			);
			name = Frameworks;
			sourceTree = "<group>";
		};
		843A76FF1978670F006988E1 /* Hurst */ = {
			isa = PBXGroup;
			children = (
				845B1978199602AE0050AA62 /* Reachability.h */,
				845B1979199602AE0050AA62 /* Reachability.m */,
				84BEECBC19789FAB004DB5ED /* Images */,
				843A77081978670F006988E1 /* AppDelegate.h */,
				843A77091978670F006988E1 /* AppDelegate.m */,
				843A770B1978670F006988E1 /* Main_iPhone.storyboard */,
				843A770E1978670F006988E1 /* Main_iPad.storyboard */,
				843A77111978670F006988E1 /* FirstViewController.h */,
				843A77121978670F006988E1 /* FirstViewController.m */,
				843A77141978670F006988E1 /* SecondViewController.h */,
				843A77151978670F006988E1 /* SecondViewController.m */,
				843A77171978670F006988E1 /* Images.xcassets */,
				843A77001978670F006988E1 /* Supporting Files */,
				843142F3197AF784006BA074 /* MapViewController.h */,
				843142F4197AF784006BA074 /* MapViewController.m */,
				849DFEFA19826D00005287B5 /* ContactViewController.h */,
				849DFEFB19826D00005287B5 /* ContactViewController.m */,
				84D477C9198351570076F19F /* NewsViewController.h */,
				84D477CA198351570076F19F /* NewsViewController.m */,
				84D477CC19835B8B0076F19F /* ParseTableViewController.h */,
				84D477CD19835B8B0076F19F /* ParseTableViewController.m */,
				84D477CF19835F940076F19F /* ParseDetailViewController.h */,
				84D477D019835F940076F19F /* ParseDetailViewController.m */,
				845B1975199601DC0050AA62 /* NetworkCheckHelper.h */,
				845B1976199601DC0050AA62 /* NetworkCheckHelper.m */,
			);
			path = Hurst;
			sourceTree = "<group>";
		};
		843A77001978670F006988E1 /* Supporting Files */ = {
			isa = PBXGroup;
			children = (
				843A77011978670F006988E1 /* Hurst-Info.plist */,
				843A77021978670F006988E1 /* InfoPlist.strings */,
				843A77051978670F006988E1 /* main.m */,
				843A77071978670F006988E1 /* Hurst-Prefix.pch */,
			);
			name = "Supporting Files";
			sourceTree = "<group>";
		};
		843A77241978670F006988E1 /* HurstTests */ = {
			isa = PBXGroup;
			children = (
				843A772A1978670F006988E1 /* HurstTests.m */,
				843A77251978670F006988E1 /* Supporting Files */,
			);
			path = HurstTests;
			sourceTree = "<group>";
		};
		843A77251978670F006988E1 /* Supporting Files */ = {
			isa = PBXGroup;
			children = (
				843A77261978670F006988E1 /* HurstTests-Info.plist */,
				843A77271978670F006988E1 /* InfoPlist.strings */,
			);
			name = "Supporting Files";
			sourceTree = "<group>";
		};
		84BEECBC19789FAB004DB5ED /* Images */ = {
			isa = PBXGroup;
			children = (
				84D270C8199C3C9000B54C61 /* hurst_offline.jpg */,
				84DF2D4019930BEB00D0ABBD /* Icon-40.png */,
				84DF2D4119930BEB00D0ABBD /* Icon-40@2x.png */,
				84DF2D4219930BEB00D0ABBD /* Icon-60.png */,
				84DF2D4319930BEB00D0ABBD /* Icon-60@2x.png */,
				84DF2D4419930BEB00D0ABBD /* Icon-76.png */,
				84DF2D4519930BEB00D0ABBD /* Icon-76@2x.png */,
				84DF2D4619930BEB00D0ABBD /* Icon-Small.png */,
				84DF2D4719930BEB00D0ABBD /* Icon-Small@2x.png */,
				84BEECCD1978A2CD004DB5ED /* contact.png */,
				84BEECCE1978A2CD004DB5ED /* contact@2x.png */,
				84BEECC51978A2C6004DB5ED /* locations.png */,
				84BEECC61978A2C6004DB5ED /* locations@2x.png */,
				84BEECC71978A2C6004DB5ED /* news.png */,
				84BEECC81978A2C6004DB5ED /* news@2x.png */,
				84BEECC11978A055004DB5ED /* inventory.png */,
				84BEECC21978A055004DB5ED /* inventory@2x.png */,
				84BEECBD19789FBE004DB5ED /* home.png */,
				84BEECBE19789FBE004DB5ED /* home@2x.png */,
			);
			name = Images;
			sourceTree = "<group>";
		};
/* End PBXGroup section */

/* Begin PBXNativeTarget section */
		843A76F51978670F006988E1 /* Hurst */ = {
			isa = PBXNativeTarget;
			buildConfigurationList = 843A772E1978670F006988E1 /* Build configuration list for PBXNativeTarget "Hurst" */;
			buildPhases = (
				843A76F21978670F006988E1 /* Sources */,
				843A76F31978670F006988E1 /* Frameworks */,
				843A76F41978670F006988E1 /* Resources */,
			);
			buildRules = (
			);
			dependencies = (
			);
			name = Hurst;
			productName = Hurst;
			productReference = 843A76F61978670F006988E1 /* Hurst.app */;
			productType = "com.apple.product-type.application";
		};
		843A771C1978670F006988E1 /* HurstTests */ = {
			isa = PBXNativeTarget;
			buildConfigurationList = 843A77311978670F006988E1 /* Build configuration list for PBXNativeTarget "HurstTests" */;
			buildPhases = (
				843A77191978670F006988E1 /* Sources */,
				843A771A1978670F006988E1 /* Frameworks */,
				843A771B1978670F006988E1 /* Resources */,
			);
			buildRules = (
			);
			dependencies = (
				843A77231978670F006988E1 /* PBXTargetDependency */,
			);
			name = HurstTests;
			productName = HurstTests;
			productReference = 843A771D1978670F006988E1 /* HurstTests.xctest */;
			productType = "com.apple.product-type.bundle.unit-test";
		};
/* End PBXNativeTarget section */

/* Begin PBXProject section */
		843A76EE1978670F006988E1 /* Project object */ = {
			isa = PBXProject;
			attributes = {
				LastUpgradeCheck = 0510;
				ORGANIZATIONNAME = "Jordan Hudgens";
				TargetAttributes = {
					843A76F51978670F006988E1 = {
						DevelopmentTeam = T2A7C22888;
					};
					843A771C1978670F006988E1 = {
						TestTargetID = 843A76F51978670F006988E1;
					};
				};
			};
			buildConfigurationList = 843A76F11978670F006988E1 /* Build configuration list for PBXProject "Hurst" */;
			compatibilityVersion = "Xcode 3.2";
			developmentRegion = English;
			hasScannedForEncodings = 0;
			knownRegions = (
				en,
				Base,
			);
			mainGroup = 843A76ED1978670F006988E1;
			productRefGroup = 843A76F71978670F006988E1 /* Products */;
			projectDirPath = "";
			projectRoot = "";
			targets = (
				843A76F51978670F006988E1 /* Hurst */,
				843A771C1978670F006988E1 /* HurstTests */,
			);
		};
/* End PBXProject section */

/* Begin PBXResourcesBuildPhase section */
		843A76F41978670F006988E1 /* Resources */ = {
			isa = PBXResourcesBuildPhase;
			buildActionMask = 2147483647;
			files = (
				843A77101978670F006988E1 /* Main_iPad.storyboard in Resources */,
				84BEECCB1978A2C6004DB5ED /* news.png in Resources */,
				84BEECBF19789FBE004DB5ED /* home.png in Resources */,
				84BEECCF1978A2CD004DB5ED /* contact.png in Resources */,
				843A77181978670F006988E1 /* Images.xcassets in Resources */,
				84DF2D4B19930BEB00D0ABBD /* Icon-60@2x.png in Resources */,
				84DF2D4919930BEB00D0ABBD /* Icon-40@2x.png in Resources */,
				84D270C9199C3C9000B54C61 /* hurst_offline.jpg in Resources */,
				84BEECC41978A055004DB5ED /* inventory@2x.png in Resources */,
				84DF2D4E19930BEB00D0ABBD /* Icon-Small.png in Resources */,
				84BEECCC1978A2C6004DB5ED /* news@2x.png in Resources */,
				843A770D1978670F006988E1 /* Main_iPhone.storyboard in Resources */,
				843A77041978670F006988E1 /* InfoPlist.strings in Resources */,
				84BEECC31978A055004DB5ED /* inventory.png in Resources */,
				84BEECCA1978A2C6004DB5ED /* locations@2x.png in Resources */,
				84BEECD01978A2CD004DB5ED /* contact@2x.png in Resources */,
				84BEECC91978A2C6004DB5ED /* locations.png in Resources */,
				84BEECC019789FBE004DB5ED /* home@2x.png in Resources */,
				84DF2D4C19930BEB00D0ABBD /* Icon-76.png in Resources */,
				84DF2D4819930BEB00D0ABBD /* Icon-40.png in Resources */,
				84DF2D4D19930BEB00D0ABBD /* Icon-76@2x.png in Resources */,
				84DF2D4A19930BEB00D0ABBD /* Icon-60.png in Resources */,
				84DF2D4F19930BEB00D0ABBD /* Icon-Small@2x.png in Resources */,
			);
			runOnlyForDeploymentPostprocessing = 0;
		};
		843A771B1978670F006988E1 /* Resources */ = {
			isa = PBXResourcesBuildPhase;
			buildActionMask = 2147483647;
			files = (
				843A77291978670F006988E1 /* InfoPlist.strings in Resources */,
			);
			runOnlyForDeploymentPostprocessing = 0;
		};
/* End PBXResourcesBuildPhase section */

/* Begin PBXSourcesBuildPhase section */
		843A76F21978670F006988E1 /* Sources */ = {
			isa = PBXSourcesBuildPhase;
			buildActionMask = 2147483647;
			files = (
				843A77161978670F006988E1 /* SecondViewController.m in Sources */,
				84D477D119835F940076F19F /* ParseDetailViewController.m in Sources */,
				849DFEFC19826D00005287B5 /* ContactViewController.m in Sources */,
				845B197A199602AE0050AA62 /* Reachability.m in Sources */,
				843A770A1978670F006988E1 /* AppDelegate.m in Sources */,
				843142F5197AF784006BA074 /* MapViewController.m in Sources */,
				845B1977199601DC0050AA62 /* NetworkCheckHelper.m in Sources */,
				843A77131978670F006988E1 /* FirstViewController.m in Sources */,
				843A77061978670F006988E1 /* main.m in Sources */,
				84D477CB198351570076F19F /* NewsViewController.m in Sources */,
				84D477CE19835B8B0076F19F /* ParseTableViewController.m in Sources */,
			);
			runOnlyForDeploymentPostprocessing = 0;
		};
		843A77191978670F006988E1 /* Sources */ = {
			isa = PBXSourcesBuildPhase;
			buildActionMask = 2147483647;
			files = (
				843A772B1978670F006988E1 /* HurstTests.m in Sources */,
			);
			runOnlyForDeploymentPostprocessing = 0;
		};
/* End PBXSourcesBuildPhase section */

/* Begin PBXTargetDependency section */
		843A77231978670F006988E1 /* PBXTargetDependency */ = {
			isa = PBXTargetDependency;
			target = 843A76F51978670F006988E1 /* Hurst */;
			targetProxy = 843A77221978670F006988E1 /* PBXContainerItemProxy */;
		};
/* End PBXTargetDependency section */

/* Begin PBXVariantGroup section */
		843A77021978670F006988E1 /* InfoPlist.strings */ = {
			isa = PBXVariantGroup;
			children = (
				843A77031978670F006988E1 /* en */,
			);
			name = InfoPlist.strings;
			sourceTree = "<group>";
		};
		843A770B1978670F006988E1 /* Main_iPhone.storyboard */ = {
			isa = PBXVariantGroup;
			children = (
				843A770C1978670F006988E1 /* Base */,
			);
			name = Main_iPhone.storyboard;
			sourceTree = "<group>";
		};
		843A770E1978670F006988E1 /* Main_iPad.storyboard */ = {
			isa = PBXVariantGroup;
			children = (
				843A770F1978670F006988E1 /* Base */,
			);
			name = Main_iPad.storyboard;
			sourceTree = "<group>";
		};
		843A77271978670F006988E1 /* InfoPlist.strings */ = {
			isa = PBXVariantGroup;
			children = (
				843A77281978670F006988E1 /* en */,
			);
			name = InfoPlist.strings;
			sourceTree = "<group>";
		};
/* End PBXVariantGroup section */

/* Begin XCBuildConfiguration section */
		843A772C1978670F006988E1 /* Debug */ = {
			isa = XCBuildConfiguration;
			buildSettings = {
				ALWAYS_SEARCH_USER_PATHS = NO;
				CLANG_CXX_LANGUAGE_STANDARD = "gnu++0x";
				CLANG_CXX_LIBRARY = "libc++";
				CLANG_ENABLE_MODULES = YES;
				CLANG_ENABLE_OBJC_ARC = YES;
				CLANG_WARN_BOOL_CONVERSION = YES;
				CLANG_WARN_CONSTANT_CONVERSION = YES;
				CLANG_WARN_DIRECT_OBJC_ISA_USAGE = YES_ERROR;
				CLANG_WARN_EMPTY_BODY = YES;
				CLANG_WARN_ENUM_CONVERSION = YES;
				CLANG_WARN_INT_CONVERSION = YES;
				CLANG_WARN_OBJC_ROOT_CLASS = YES_ERROR;
				CLANG_WARN__DUPLICATE_METHOD_MATCH = YES;
				"CODE_SIGN_IDENTITY[sdk=iphoneos*]" = "iPhone Developer";
				COPY_PHASE_STRIP = NO;
				GCC_C_LANGUAGE_STANDARD = gnu99;
				GCC_DYNAMIC_NO_PIC = NO;
				GCC_OPTIMIZATION_LEVEL = 0;
				GCC_PREPROCESSOR_DEFINITIONS = (
					"DEBUG=1",
					"$(inherited)",
				);
				GCC_SYMBOLS_PRIVATE_EXTERN = NO;
				GCC_WARN_64_TO_32_BIT_CONVERSION = YES;
				GCC_WARN_ABOUT_RETURN_TYPE = YES_ERROR;
				GCC_WARN_UNDECLARED_SELECTOR = YES;
				GCC_WARN_UNINITIALIZED_AUTOS = YES_AGGRESSIVE;
				GCC_WARN_UNUSED_FUNCTION = YES;
				GCC_WARN_UNUSED_VARIABLE = YES;
				IPHONEOS_DEPLOYMENT_TARGET = 7.1;
				ONLY_ACTIVE_ARCH = YES;
				SDKROOT = iphoneos;
				TARGETED_DEVICE_FAMILY = "1,2";
			};
			name = Debug;
		};
		843A772D1978670F006988E1 /* Release */ = {
			isa = XCBuildConfiguration;
			buildSettings = {
				ALWAYS_SEARCH_USER_PATHS = NO;
				CLANG_CXX_LANGUAGE_STANDARD = "gnu++0x";
				CLANG_CXX_LIBRARY = "libc++";
				CLANG_ENABLE_MODULES = YES;
				CLANG_ENABLE_OBJC_ARC = YES;
				CLANG_WARN_BOOL_CONVERSION = YES;
				CLANG_WARN_CONSTANT_CONVERSION = YES;
				CLANG_WARN_DIRECT_OBJC_ISA_USAGE = YES_ERROR;
				CLANG_WARN_EMPTY_BODY = YES;
				CLANG_WARN_ENUM_CONVERSION = YES;
				CLANG_WARN_INT_CONVERSION = YES;
				CLANG_WARN_OBJC_ROOT_CLASS = YES_ERROR;
				CLANG_WARN__DUPLICATE_METHOD_MATCH = YES;
				"CODE_SIGN_IDENTITY[sdk=iphoneos*]" = "iPhone Developer";
				COPY_PHASE_STRIP = YES;
				ENABLE_NS_ASSERTIONS = NO;
				GCC_C_LANGUAGE_STANDARD = gnu99;
				GCC_WARN_64_TO_32_BIT_CONVERSION = YES;
				GCC_WARN_ABOUT_RETURN_TYPE = YES_ERROR;
				GCC_WARN_UNDECLARED_SELECTOR = YES;
				GCC_WARN_UNINITIALIZED_AUTOS = YES_AGGRESSIVE;
				GCC_WARN_UNUSED_FUNCTION = YES;
				GCC_WARN_UNUSED_VARIABLE = YES;
				IPHONEOS_DEPLOYMENT_TARGET = 7.1;
				SDKROOT = iphoneos;
				TARGETED_DEVICE_FAMILY = "1,2";
				VALIDATE_PRODUCT = YES;
			};
			name = Release;
		};
		843A772F1978670F006988E1 /* Debug */ = {
			isa = XCBuildConfiguration;
			buildSettings = {
				ASSETCATALOG_COMPILER_APPICON_NAME = AppIcon;
				ASSETCATALOG_COMPILER_LAUNCHIMAGE_NAME = LaunchImage;
				CODE_SIGN_IDENTITY = "iPhone Developer";
				"CODE_SIGN_IDENTITY[sdk=iphoneos*]" = "iPhone Developer";
				FRAMEWORK_SEARCH_PATHS = (
					"$(inherited)",
					"$(PROJECT_DIR)",
				);
				GCC_PRECOMPILE_PREFIX_HEADER = YES;
				GCC_PREFIX_HEADER = "Hurst/Hurst-Prefix.pch";
				INFOPLIST_FILE = "Hurst/Hurst-Info.plist";
				PRODUCT_NAME = "$(TARGET_NAME)";
				PROVISIONING_PROFILE = "A53CFBAB-1E4F-4FE3-A6BF-354867472710";
				WRAPPER_EXTENSION = app;
			};
			name = Debug;
		};
		843A77301978670F006988E1 /* Release */ = {
			isa = XCBuildConfiguration;
			buildSettings = {
				ASSETCATALOG_COMPILER_APPICON_NAME = AppIcon;
				ASSETCATALOG_COMPILER_LAUNCHIMAGE_NAME = LaunchImage;
				CODE_SIGN_IDENTITY = "iPhone Developer";
				"CODE_SIGN_IDENTITY[sdk=iphoneos*]" = "iPhone Developer";
				FRAMEWORK_SEARCH_PATHS = (
					"$(inherited)",
					"$(PROJECT_DIR)",
				);
				GCC_PRECOMPILE_PREFIX_HEADER = YES;
				GCC_PREFIX_HEADER = "Hurst/Hurst-Prefix.pch";
				INFOPLIST_FILE = "Hurst/Hurst-Info.plist";
				PRODUCT_NAME = "$(TARGET_NAME)";
				PROVISIONING_PROFILE = "f146f8f6-33a5-4b86-9c49-d18fdd97da40";
				WRAPPER_EXTENSION = app;
			};
			name = Release;
		};
		843A77321978670F006988E1 /* Debug */ = {
			isa = XCBuildConfiguration;
			buildSettings = {
				BUNDLE_LOADER = "$(BUILT_PRODUCTS_DIR)/Hurst.app/Hurst";
				FRAMEWORK_SEARCH_PATHS = (
					"$(SDKROOT)/Developer/Library/Frameworks",
					"$(inherited)",
					"$(DEVELOPER_FRAMEWORKS_DIR)",
				);
				GCC_PRECOMPILE_PREFIX_HEADER = YES;
				GCC_PREFIX_HEADER = "Hurst/Hurst-Prefix.pch";
				GCC_PREPROCESSOR_DEFINITIONS = (
					"DEBUG=1",
					"$(inherited)",
				);
				INFOPLIST_FILE = "HurstTests/HurstTests-Info.plist";
				PRODUCT_NAME = "$(TARGET_NAME)";
				TEST_HOST = "$(BUNDLE_LOADER)";
				WRAPPER_EXTENSION = xctest;
			};
			name = Debug;
		};
		843A77331978670F006988E1 /* Release */ = {
			isa = XCBuildConfiguration;
			buildSettings = {
				BUNDLE_LOADER = "$(BUILT_PRODUCTS_DIR)/Hurst.app/Hurst";
				FRAMEWORK_SEARCH_PATHS = (
					"$(SDKROOT)/Developer/Library/Frameworks",
					"$(inherited)",
					"$(DEVELOPER_FRAMEWORKS_DIR)",
				);
				GCC_PRECOMPILE_PREFIX_HEADER = YES;
				GCC_PREFIX_HEADER = "Hurst/Hurst-Prefix.pch";
				INFOPLIST_FILE = "HurstTests/HurstTests-Info.plist";
				PRODUCT_NAME = "$(TARGET_NAME)";
				TEST_HOST = "$(BUNDLE_LOADER)";
				WRAPPER_EXTENSION = xctest;
			};
			name = Release;
		};
/* End XCBuildConfiguration section */

/* Begin XCConfigurationList section */
		843A76F11978670F006988E1 /* Build configuration list for PBXProject "Hurst" */ = {
			isa = XCConfigurationList;
			buildConfigurations = (
				843A772C1978670F006988E1 /* Debug */,
				843A772D1978670F006988E1 /* Release */,
			);
			defaultConfigurationIsVisible = 0;
			defaultConfigurationName = Release;
		};
		843A772E1978670F006988E1 /* Build configuration list for PBXNativeTarget "Hurst" */ = {
			isa = XCConfigurationList;
			buildConfigurations = (
				843A772F1978670F006988E1 /* Debug */,
				843A77301978670F006988E1 /* Release */,
			);
			defaultConfigurationIsVisible = 0;
			defaultConfigurationName = Release;
		};
		843A77311978670F006988E1 /* Build configuration list for PBXNativeTarget "HurstTests" */ = {
			isa = XCConfigurationList;
			buildConfigurations = (
				843A77321978670F006988E1 /* Debug */,
				843A77331978670F006988E1 /* Release */,
			);
			defaultConfigurationIsVisible = 0;
			defaultConfigurationName = Release;
		};
/* End XCConfigurationList section */
	};
	rootObject = 843A76EE1978670F006988E1 /* Project object */;
}
